{
  "version": 4,
  "terraform_version": "1.2.5",
  "serial": 125,
  "lineage": "77a02358-d69a-c3aa-535a-d66167e5ecf8",
  "outputs": {
    "master_vm_ip": {
      "value": [
        "20.58.53.229"
      ],
      "type": [
        "tuple",
        [
          "string"
        ]
      ]
    },
    "worker_vm_ip": {
      "value": [
        "20.58.53.228",
        "20.58.51.71"
      ],
      "type": [
        "tuple",
        [
          "string",
          "string"
        ]
      ]
    }
  },
  "resources": [
    {
      "mode": "managed",
      "type": "azurerm_linux_virtual_machine",
      "name": "master",
      "provider": "provider[\"registry.terraform.io/hashicorp/azurerm\"]",
      "instances": [
        {
          "index_key": 0,
          "schema_version": 0,
          "attributes": {
            "additional_capabilities": [],
            "admin_password": null,
            "admin_ssh_key": [
              {
                "public_key": "ssh-rsa AAAAB3NzaC1yc2EAAAADAQABAAACAQDFyK4lD0In7gL4db3eMgox5/xM8a6tTbURWPbtUbdl0zPJCELe30CWI5YFjXrl1nT/BELF4h8TYiZAg1Tico2BIcJHpgvvyDfJJ+op87A94gUP/LIKMurbYBCH4mjJUYNyk40m+c4g+k2rlIJ+BRy8Yalpglj1371xTC70SkmxcooGclH3Gr8IorPcADjLXuQrS/VLErMyAUynOJm8CLWmVF9t2i2anBo1mG6nbxgSzMvxRjJLYjCIvPLQyqftkzg/ZfAsP4bOXyymk7IraMZACoDcyaBjY7Kc1rkbCjDNQDYZU8QGG/l9fkaG9Zf5Eq/uf10osuCEFWeuPjjfX/xF4XxEGaD1Wo2nKJJEgFOyxWsu5fErRGfnLBV3tClKICWYjB/2K9bZpZ5f4zN4WtWTKwJ+dhCmpEMHGaToGISN1uwOkfI+RwryCSEhDdqsLcVg0N0OhS4xe0PwgAscva/UAVnFWu/wovhjbHkIyr14cdSw01VlUt4ZlTX3ed6+1LeHGTEaarxjqhXNMjxqBneKW1hoOl1AvA6jhHdl+ZZjIZyhX72NReYu5dFArJeExixWjnVybG96yE8N+4AORF8SV9zNBZywT72sH1cMtj1HWAr5liEvbdudP+jqax1AG5DKuC5UycdDdK8cW2X43rpL6XPM1FdBj9HCGuaoAVFu/Q== sako@ALB360P21S.local\n",
                "username": "azureuser"
              }
            ],
            "admin_username": "azureuser",
            "allow_extension_operations": true,
            "availability_set_id": "",
            "boot_diagnostics": [],
            "computer_name": "master-1",
            "custom_data": null,
            "dedicated_host_id": "",
            "disable_password_authentication": true,
            "encryption_at_host_enabled": false,
            "eviction_policy": "",
            "extensions_time_budget": "PT1H30M",
            "id": "/subscriptions/d6a369b0-725e-4b41-a88c-e2d87ebf9104/resourceGroups/k8s-rg/providers/Microsoft.Compute/virtualMachines/master-1",
            "identity": [],
            "license_type": "",
            "location": "uksouth",
            "max_bid_price": -1,
            "name": "master-1",
            "network_interface_ids": [
              "/subscriptions/d6a369b0-725e-4b41-a88c-e2d87ebf9104/resourceGroups/k8s-rg/providers/Microsoft.Network/networkInterfaces/master-nic-1"
            ],
            "os_disk": [
              {
                "caching": "ReadWrite",
                "diff_disk_settings": [],
                "disk_encryption_set_id": "",
                "disk_size_gb": 30,
                "name": "MasterDisk-1",
                "storage_account_type": "Premium_LRS",
                "write_accelerator_enabled": false
              }
            ],
            "plan": [],
            "platform_fault_domain": -1,
            "priority": "Regular",
            "private_ip_address": "10.0.1.5",
            "private_ip_addresses": [
              "10.0.1.5"
            ],
            "provision_vm_agent": true,
            "proximity_placement_group_id": "",
            "public_ip_address": "20.58.53.229",
            "public_ip_addresses": [
              "20.58.53.229"
            ],
            "resource_group_name": "k8s-rg",
            "secret": [],
            "size": "Standard_D2s_v3",
            "source_image_id": "",
            "source_image_reference": [
              {
                "offer": "UbuntuServer",
                "publisher": "Canonical",
                "sku": "18.04-LTS",
                "version": "latest"
              }
            ],
            "tags": null,
            "timeouts": null,
            "virtual_machine_id": "02380b84-d103-405b-96b7-945bd2c957ee",
            "virtual_machine_scale_set_id": "",
            "zone": ""
          },
          "sensitive_attributes": [],
          "private": "eyJlMmJmYjczMC1lY2FhLTExZTYtOGY4OC0zNDM2M2JjN2M0YzAiOnsiY3JlYXRlIjoyNzAwMDAwMDAwMDAwLCJkZWxldGUiOjI3MDAwMDAwMDAwMDAsInJlYWQiOjMwMDAwMDAwMDAwMCwidXBkYXRlIjoyNzAwMDAwMDAwMDAwfX0=",
          "dependencies": [
            "azurerm_network_interface.master",
            "azurerm_public_ip.master",
            "azurerm_resource_group.rg",
            "azurerm_subnet.subnet",
            "azurerm_virtual_network.vnet"
          ]
        }
      ]
    },
    {
      "mode": "managed",
      "type": "azurerm_linux_virtual_machine",
      "name": "worker",
      "provider": "provider[\"registry.terraform.io/hashicorp/azurerm\"]",
      "instances": [
        {
          "index_key": 0,
          "schema_version": 0,
          "attributes": {
            "additional_capabilities": [],
            "admin_password": null,
            "admin_ssh_key": [
              {
                "public_key": "ssh-rsa AAAAB3NzaC1yc2EAAAADAQABAAACAQDFyK4lD0In7gL4db3eMgox5/xM8a6tTbURWPbtUbdl0zPJCELe30CWI5YFjXrl1nT/BELF4h8TYiZAg1Tico2BIcJHpgvvyDfJJ+op87A94gUP/LIKMurbYBCH4mjJUYNyk40m+c4g+k2rlIJ+BRy8Yalpglj1371xTC70SkmxcooGclH3Gr8IorPcADjLXuQrS/VLErMyAUynOJm8CLWmVF9t2i2anBo1mG6nbxgSzMvxRjJLYjCIvPLQyqftkzg/ZfAsP4bOXyymk7IraMZACoDcyaBjY7Kc1rkbCjDNQDYZU8QGG/l9fkaG9Zf5Eq/uf10osuCEFWeuPjjfX/xF4XxEGaD1Wo2nKJJEgFOyxWsu5fErRGfnLBV3tClKICWYjB/2K9bZpZ5f4zN4WtWTKwJ+dhCmpEMHGaToGISN1uwOkfI+RwryCSEhDdqsLcVg0N0OhS4xe0PwgAscva/UAVnFWu/wovhjbHkIyr14cdSw01VlUt4ZlTX3ed6+1LeHGTEaarxjqhXNMjxqBneKW1hoOl1AvA6jhHdl+ZZjIZyhX72NReYu5dFArJeExixWjnVybG96yE8N+4AORF8SV9zNBZywT72sH1cMtj1HWAr5liEvbdudP+jqax1AG5DKuC5UycdDdK8cW2X43rpL6XPM1FdBj9HCGuaoAVFu/Q== sako@ALB360P21S.local\n",
                "username": "azureuser"
              }
            ],
            "admin_username": "azureuser",
            "allow_extension_operations": true,
            "availability_set_id": "",
            "boot_diagnostics": [],
            "computer_name": "worker-1",
            "custom_data": null,
            "dedicated_host_id": "",
            "disable_password_authentication": true,
            "encryption_at_host_enabled": false,
            "eviction_policy": "",
            "extensions_time_budget": "PT1H30M",
            "id": "/subscriptions/d6a369b0-725e-4b41-a88c-e2d87ebf9104/resourceGroups/k8s-rg/providers/Microsoft.Compute/virtualMachines/worker-1",
            "identity": [],
            "license_type": "",
            "location": "uksouth",
            "max_bid_price": -1,
            "name": "worker-1",
            "network_interface_ids": [
              "/subscriptions/d6a369b0-725e-4b41-a88c-e2d87ebf9104/resourceGroups/k8s-rg/providers/Microsoft.Network/networkInterfaces/worker-nic-1"
            ],
            "os_disk": [
              {
                "caching": "ReadWrite",
                "diff_disk_settings": [],
                "disk_encryption_set_id": "",
                "disk_size_gb": 30,
                "name": "WorkerDisk-1",
                "storage_account_type": "Premium_LRS",
                "write_accelerator_enabled": false
              }
            ],
            "plan": [],
            "platform_fault_domain": -1,
            "priority": "Regular",
            "private_ip_address": "10.0.1.4",
            "private_ip_addresses": [
              "10.0.1.4"
            ],
            "provision_vm_agent": true,
            "proximity_placement_group_id": "",
            "public_ip_address": "20.58.53.228",
            "public_ip_addresses": [
              "20.58.53.228"
            ],
            "resource_group_name": "k8s-rg",
            "secret": [],
            "size": "Standard_B1s",
            "source_image_id": "",
            "source_image_reference": [
              {
                "offer": "UbuntuServer",
                "publisher": "Canonical",
                "sku": "18.04-LTS",
                "version": "latest"
              }
            ],
            "tags": null,
            "timeouts": null,
            "virtual_machine_id": "84fec854-35ac-4990-9b26-903745c1199f",
            "virtual_machine_scale_set_id": "",
            "zone": ""
          },
          "sensitive_attributes": [],
          "private": "eyJlMmJmYjczMC1lY2FhLTExZTYtOGY4OC0zNDM2M2JjN2M0YzAiOnsiY3JlYXRlIjoyNzAwMDAwMDAwMDAwLCJkZWxldGUiOjI3MDAwMDAwMDAwMDAsInJlYWQiOjMwMDAwMDAwMDAwMCwidXBkYXRlIjoyNzAwMDAwMDAwMDAwfX0=",
          "dependencies": [
            "azurerm_network_interface.worker",
            "azurerm_public_ip.worker",
            "azurerm_resource_group.rg",
            "azurerm_subnet.subnet",
            "azurerm_virtual_network.vnet"
          ]
        },
        {
          "index_key": 1,
          "schema_version": 0,
          "attributes": {
            "additional_capabilities": [],
            "admin_password": null,
            "admin_ssh_key": [
              {
                "public_key": "ssh-rsa AAAAB3NzaC1yc2EAAAADAQABAAACAQDFyK4lD0In7gL4db3eMgox5/xM8a6tTbURWPbtUbdl0zPJCELe30CWI5YFjXrl1nT/BELF4h8TYiZAg1Tico2BIcJHpgvvyDfJJ+op87A94gUP/LIKMurbYBCH4mjJUYNyk40m+c4g+k2rlIJ+BRy8Yalpglj1371xTC70SkmxcooGclH3Gr8IorPcADjLXuQrS/VLErMyAUynOJm8CLWmVF9t2i2anBo1mG6nbxgSzMvxRjJLYjCIvPLQyqftkzg/ZfAsP4bOXyymk7IraMZACoDcyaBjY7Kc1rkbCjDNQDYZU8QGG/l9fkaG9Zf5Eq/uf10osuCEFWeuPjjfX/xF4XxEGaD1Wo2nKJJEgFOyxWsu5fErRGfnLBV3tClKICWYjB/2K9bZpZ5f4zN4WtWTKwJ+dhCmpEMHGaToGISN1uwOkfI+RwryCSEhDdqsLcVg0N0OhS4xe0PwgAscva/UAVnFWu/wovhjbHkIyr14cdSw01VlUt4ZlTX3ed6+1LeHGTEaarxjqhXNMjxqBneKW1hoOl1AvA6jhHdl+ZZjIZyhX72NReYu5dFArJeExixWjnVybG96yE8N+4AORF8SV9zNBZywT72sH1cMtj1HWAr5liEvbdudP+jqax1AG5DKuC5UycdDdK8cW2X43rpL6XPM1FdBj9HCGuaoAVFu/Q== sako@ALB360P21S.local\n",
                "username": "azureuser"
              }
            ],
            "admin_username": "azureuser",
            "allow_extension_operations": true,
            "availability_set_id": "",
            "boot_diagnostics": [],
            "computer_name": "worker-2",
            "custom_data": null,
            "dedicated_host_id": "",
            "disable_password_authentication": true,
            "encryption_at_host_enabled": false,
            "eviction_policy": "",
            "extensions_time_budget": "PT1H30M",
            "id": "/subscriptions/d6a369b0-725e-4b41-a88c-e2d87ebf9104/resourceGroups/k8s-rg/providers/Microsoft.Compute/virtualMachines/worker-2",
            "identity": [],
            "license_type": "",
            "location": "uksouth",
            "max_bid_price": -1,
            "name": "worker-2",
            "network_interface_ids": [
              "/subscriptions/d6a369b0-725e-4b41-a88c-e2d87ebf9104/resourceGroups/k8s-rg/providers/Microsoft.Network/networkInterfaces/worker-nic-2"
            ],
            "os_disk": [
              {
                "caching": "ReadWrite",
                "diff_disk_settings": [],
                "disk_encryption_set_id": "",
                "disk_size_gb": 30,
                "name": "WorkerDisk-2",
                "storage_account_type": "Premium_LRS",
                "write_accelerator_enabled": false
              }
            ],
            "plan": [],
            "platform_fault_domain": -1,
            "priority": "Regular",
            "private_ip_address": "10.0.1.6",
            "private_ip_addresses": [
              "10.0.1.6"
            ],
            "provision_vm_agent": true,
            "proximity_placement_group_id": "",
            "public_ip_address": "20.58.51.71",
            "public_ip_addresses": [
              "20.58.51.71"
            ],
            "resource_group_name": "k8s-rg",
            "secret": [],
            "size": "Standard_B1s",
            "source_image_id": "",
            "source_image_reference": [
              {
                "offer": "UbuntuServer",
                "publisher": "Canonical",
                "sku": "18.04-LTS",
                "version": "latest"
              }
            ],
            "tags": null,
            "timeouts": null,
            "virtual_machine_id": "c55384e7-045e-454d-8b13-f184e7ff6143",
            "virtual_machine_scale_set_id": "",
            "zone": ""
          },
          "sensitive_attributes": [],
          "private": "eyJlMmJmYjczMC1lY2FhLTExZTYtOGY4OC0zNDM2M2JjN2M0YzAiOnsiY3JlYXRlIjoyNzAwMDAwMDAwMDAwLCJkZWxldGUiOjI3MDAwMDAwMDAwMDAsInJlYWQiOjMwMDAwMDAwMDAwMCwidXBkYXRlIjoyNzAwMDAwMDAwMDAwfX0=",
          "dependencies": [
            "azurerm_network_interface.worker",
            "azurerm_public_ip.worker",
            "azurerm_resource_group.rg",
            "azurerm_subnet.subnet",
            "azurerm_virtual_network.vnet"
          ]
        }
      ]
    },
    {
      "mode": "managed",
      "type": "azurerm_network_interface",
      "name": "master",
      "provider": "provider[\"registry.terraform.io/hashicorp/azurerm\"]",
      "instances": [
        {
          "index_key": 0,
          "schema_version": 0,
          "attributes": {
            "applied_dns_servers": [],
            "dns_servers": [],
            "enable_accelerated_networking": false,
            "enable_ip_forwarding": false,
            "id": "/subscriptions/d6a369b0-725e-4b41-a88c-e2d87ebf9104/resourceGroups/k8s-rg/providers/Microsoft.Network/networkInterfaces/master-nic-1",
            "internal_dns_name_label": "",
            "internal_domain_name_suffix": "zy12el1vtbme5atsulhxdqrwma.zx.internal.cloudapp.net",
            "ip_configuration": [
              {
                "name": "myNicConfiguration",
                "primary": true,
                "private_ip_address": "10.0.1.5",
                "private_ip_address_allocation": "Dynamic",
                "private_ip_address_version": "IPv4",
                "public_ip_address_id": "/subscriptions/d6a369b0-725e-4b41-a88c-e2d87ebf9104/resourceGroups/k8s-rg/providers/Microsoft.Network/publicIPAddresses/master-IP-1",
                "subnet_id": "/subscriptions/d6a369b0-725e-4b41-a88c-e2d87ebf9104/resourceGroups/k8s-rg/providers/Microsoft.Network/virtualNetworks/vnet/subnets/subnet"
              }
            ],
            "location": "uksouth",
            "mac_address": "",
            "name": "master-nic-1",
            "private_ip_address": "10.0.1.5",
            "private_ip_addresses": [
              "10.0.1.5"
            ],
            "resource_group_name": "k8s-rg",
            "tags": null,
            "timeouts": null,
            "virtual_machine_id": ""
          },
          "sensitive_attributes": [],
          "private": "eyJlMmJmYjczMC1lY2FhLTExZTYtOGY4OC0zNDM2M2JjN2M0YzAiOnsiY3JlYXRlIjoxODAwMDAwMDAwMDAwLCJkZWxldGUiOjE4MDAwMDAwMDAwMDAsInJlYWQiOjMwMDAwMDAwMDAwMCwidXBkYXRlIjoxODAwMDAwMDAwMDAwfX0=",
          "dependencies": [
            "azurerm_public_ip.master",
            "azurerm_resource_group.rg",
            "azurerm_subnet.subnet",
            "azurerm_virtual_network.vnet"
          ]
        }
      ]
    },
    {
      "mode": "managed",
      "type": "azurerm_network_interface",
      "name": "worker",
      "provider": "provider[\"registry.terraform.io/hashicorp/azurerm\"]",
      "instances": [
        {
          "index_key": 0,
          "schema_version": 0,
          "attributes": {
            "applied_dns_servers": [],
            "dns_servers": [],
            "enable_accelerated_networking": false,
            "enable_ip_forwarding": false,
            "id": "/subscriptions/d6a369b0-725e-4b41-a88c-e2d87ebf9104/resourceGroups/k8s-rg/providers/Microsoft.Network/networkInterfaces/worker-nic-1",
            "internal_dns_name_label": "",
            "internal_domain_name_suffix": "zy12el1vtbme5atsulhxdqrwma.zx.internal.cloudapp.net",
            "ip_configuration": [
              {
                "name": "myNicConfiguration",
                "primary": true,
                "private_ip_address": "10.0.1.4",
                "private_ip_address_allocation": "Dynamic",
                "private_ip_address_version": "IPv4",
                "public_ip_address_id": "/subscriptions/d6a369b0-725e-4b41-a88c-e2d87ebf9104/resourceGroups/k8s-rg/providers/Microsoft.Network/publicIPAddresses/worker-IP-1",
                "subnet_id": "/subscriptions/d6a369b0-725e-4b41-a88c-e2d87ebf9104/resourceGroups/k8s-rg/providers/Microsoft.Network/virtualNetworks/vnet/subnets/subnet"
              }
            ],
            "location": "uksouth",
            "mac_address": "",
            "name": "worker-nic-1",
            "private_ip_address": "10.0.1.4",
            "private_ip_addresses": [
              "10.0.1.4"
            ],
            "resource_group_name": "k8s-rg",
            "tags": null,
            "timeouts": null,
            "virtual_machine_id": ""
          },
          "sensitive_attributes": [],
          "private": "eyJlMmJmYjczMC1lY2FhLTExZTYtOGY4OC0zNDM2M2JjN2M0YzAiOnsiY3JlYXRlIjoxODAwMDAwMDAwMDAwLCJkZWxldGUiOjE4MDAwMDAwMDAwMDAsInJlYWQiOjMwMDAwMDAwMDAwMCwidXBkYXRlIjoxODAwMDAwMDAwMDAwfX0=",
          "dependencies": [
            "azurerm_public_ip.worker",
            "azurerm_resource_group.rg",
            "azurerm_subnet.subnet",
            "azurerm_virtual_network.vnet"
          ]
        },
        {
          "index_key": 1,
          "schema_version": 0,
          "attributes": {
            "applied_dns_servers": [],
            "dns_servers": [],
            "enable_accelerated_networking": false,
            "enable_ip_forwarding": false,
            "id": "/subscriptions/d6a369b0-725e-4b41-a88c-e2d87ebf9104/resourceGroups/k8s-rg/providers/Microsoft.Network/networkInterfaces/worker-nic-2",
            "internal_dns_name_label": "",
            "internal_domain_name_suffix": "zy12el1vtbme5atsulhxdqrwma.zx.internal.cloudapp.net",
            "ip_configuration": [
              {
                "name": "myNicConfiguration",
                "primary": true,
                "private_ip_address": "10.0.1.6",
                "private_ip_address_allocation": "Dynamic",
                "private_ip_address_version": "IPv4",
                "public_ip_address_id": "/subscriptions/d6a369b0-725e-4b41-a88c-e2d87ebf9104/resourceGroups/k8s-rg/providers/Microsoft.Network/publicIPAddresses/worker-IP-2",
                "subnet_id": "/subscriptions/d6a369b0-725e-4b41-a88c-e2d87ebf9104/resourceGroups/k8s-rg/providers/Microsoft.Network/virtualNetworks/vnet/subnets/subnet"
              }
            ],
            "location": "uksouth",
            "mac_address": "",
            "name": "worker-nic-2",
            "private_ip_address": "10.0.1.6",
            "private_ip_addresses": [
              "10.0.1.6"
            ],
            "resource_group_name": "k8s-rg",
            "tags": null,
            "timeouts": null,
            "virtual_machine_id": ""
          },
          "sensitive_attributes": [],
          "private": "eyJlMmJmYjczMC1lY2FhLTExZTYtOGY4OC0zNDM2M2JjN2M0YzAiOnsiY3JlYXRlIjoxODAwMDAwMDAwMDAwLCJkZWxldGUiOjE4MDAwMDAwMDAwMDAsInJlYWQiOjMwMDAwMDAwMDAwMCwidXBkYXRlIjoxODAwMDAwMDAwMDAwfX0=",
          "dependencies": [
            "azurerm_public_ip.worker",
            "azurerm_resource_group.rg",
            "azurerm_subnet.subnet",
            "azurerm_virtual_network.vnet"
          ]
        }
      ]
    },
    {
      "mode": "managed",
      "type": "azurerm_network_interface_security_group_association",
      "name": "master",
      "provider": "provider[\"registry.terraform.io/hashicorp/azurerm\"]",
      "instances": [
        {
          "index_key": 0,
          "schema_version": 0,
          "attributes": {
            "id": "/subscriptions/d6a369b0-725e-4b41-a88c-e2d87ebf9104/resourceGroups/k8s-rg/providers/Microsoft.Network/networkInterfaces/master-nic-1|/subscriptions/d6a369b0-725e-4b41-a88c-e2d87ebf9104/resourceGroups/k8s-rg/providers/Microsoft.Network/networkSecurityGroups/nsg",
            "network_interface_id": "/subscriptions/d6a369b0-725e-4b41-a88c-e2d87ebf9104/resourceGroups/k8s-rg/providers/Microsoft.Network/networkInterfaces/master-nic-1",
            "network_security_group_id": "/subscriptions/d6a369b0-725e-4b41-a88c-e2d87ebf9104/resourceGroups/k8s-rg/providers/Microsoft.Network/networkSecurityGroups/nsg",
            "timeouts": null
          },
          "sensitive_attributes": [],
          "private": "eyJlMmJmYjczMC1lY2FhLTExZTYtOGY4OC0zNDM2M2JjN2M0YzAiOnsiY3JlYXRlIjoxODAwMDAwMDAwMDAwLCJkZWxldGUiOjE4MDAwMDAwMDAwMDAsInJlYWQiOjMwMDAwMDAwMDAwMCwidXBkYXRlIjoxODAwMDAwMDAwMDAwfX0=",
          "dependencies": [
            "azurerm_network_interface.master",
            "azurerm_network_security_group.nsg",
            "azurerm_public_ip.master",
            "azurerm_resource_group.rg",
            "azurerm_subnet.subnet",
            "azurerm_virtual_network.vnet"
          ]
        }
      ]
    },
    {
      "mode": "managed",
      "type": "azurerm_network_interface_security_group_association",
      "name": "worker",
      "provider": "provider[\"registry.terraform.io/hashicorp/azurerm\"]",
      "instances": [
        {
          "index_key": 0,
          "schema_version": 0,
          "attributes": {
            "id": "/subscriptions/d6a369b0-725e-4b41-a88c-e2d87ebf9104/resourceGroups/k8s-rg/providers/Microsoft.Network/networkInterfaces/worker-nic-1|/subscriptions/d6a369b0-725e-4b41-a88c-e2d87ebf9104/resourceGroups/k8s-rg/providers/Microsoft.Network/networkSecurityGroups/nsg",
            "network_interface_id": "/subscriptions/d6a369b0-725e-4b41-a88c-e2d87ebf9104/resourceGroups/k8s-rg/providers/Microsoft.Network/networkInterfaces/worker-nic-1",
            "network_security_group_id": "/subscriptions/d6a369b0-725e-4b41-a88c-e2d87ebf9104/resourceGroups/k8s-rg/providers/Microsoft.Network/networkSecurityGroups/nsg",
            "timeouts": null
          },
          "sensitive_attributes": [],
          "private": "eyJlMmJmYjczMC1lY2FhLTExZTYtOGY4OC0zNDM2M2JjN2M0YzAiOnsiY3JlYXRlIjoxODAwMDAwMDAwMDAwLCJkZWxldGUiOjE4MDAwMDAwMDAwMDAsInJlYWQiOjMwMDAwMDAwMDAwMCwidXBkYXRlIjoxODAwMDAwMDAwMDAwfX0=",
          "dependencies": [
            "azurerm_network_interface.worker",
            "azurerm_network_security_group.nsg",
            "azurerm_public_ip.worker",
            "azurerm_resource_group.rg",
            "azurerm_subnet.subnet",
            "azurerm_virtual_network.vnet"
          ]
        },
        {
          "index_key": 1,
          "schema_version": 0,
          "attributes": {
            "id": "/subscriptions/d6a369b0-725e-4b41-a88c-e2d87ebf9104/resourceGroups/k8s-rg/providers/Microsoft.Network/networkInterfaces/worker-nic-2|/subscriptions/d6a369b0-725e-4b41-a88c-e2d87ebf9104/resourceGroups/k8s-rg/providers/Microsoft.Network/networkSecurityGroups/nsg",
            "network_interface_id": "/subscriptions/d6a369b0-725e-4b41-a88c-e2d87ebf9104/resourceGroups/k8s-rg/providers/Microsoft.Network/networkInterfaces/worker-nic-2",
            "network_security_group_id": "/subscriptions/d6a369b0-725e-4b41-a88c-e2d87ebf9104/resourceGroups/k8s-rg/providers/Microsoft.Network/networkSecurityGroups/nsg",
            "timeouts": null
          },
          "sensitive_attributes": [],
          "private": "eyJlMmJmYjczMC1lY2FhLTExZTYtOGY4OC0zNDM2M2JjN2M0YzAiOnsiY3JlYXRlIjoxODAwMDAwMDAwMDAwLCJkZWxldGUiOjE4MDAwMDAwMDAwMDAsInJlYWQiOjMwMDAwMDAwMDAwMCwidXBkYXRlIjoxODAwMDAwMDAwMDAwfX0=",
          "dependencies": [
            "azurerm_network_interface.worker",
            "azurerm_network_security_group.nsg",
            "azurerm_public_ip.worker",
            "azurerm_resource_group.rg",
            "azurerm_subnet.subnet",
            "azurerm_virtual_network.vnet"
          ]
        }
      ]
    },
    {
      "mode": "managed",
      "type": "azurerm_network_security_group",
      "name": "nsg",
      "provider": "provider[\"registry.terraform.io/hashicorp/azurerm\"]",
      "instances": [
        {
          "schema_version": 0,
          "attributes": {
            "id": "/subscriptions/d6a369b0-725e-4b41-a88c-e2d87ebf9104/resourceGroups/k8s-rg/providers/Microsoft.Network/networkSecurityGroups/nsg",
            "location": "uksouth",
            "name": "nsg",
            "resource_group_name": "k8s-rg",
            "security_rule": [
              {
                "access": "Allow",
                "description": "",
                "destination_address_prefix": "*",
                "destination_address_prefixes": [],
                "destination_application_security_group_ids": [],
                "destination_port_range": "22",
                "destination_port_ranges": [],
                "direction": "Inbound",
                "name": "SSH",
                "priority": 300,
                "protocol": "Tcp",
                "source_address_prefix": "*",
                "source_address_prefixes": [],
                "source_application_security_group_ids": [],
                "source_port_range": "*",
                "source_port_ranges": []
              },
              {
                "access": "Allow",
                "description": "",
                "destination_address_prefix": "*",
                "destination_address_prefixes": [],
                "destination_application_security_group_ids": [],
                "destination_port_range": "8080",
                "destination_port_ranges": [],
                "direction": "Inbound",
                "name": "Jenkins",
                "priority": 330,
                "protocol": "Tcp",
                "source_address_prefix": "*",
                "source_address_prefixes": [],
                "source_application_security_group_ids": [],
                "source_port_range": "*",
                "source_port_ranges": []
              }
            ],
            "tags": null,
            "timeouts": null
          },
          "sensitive_attributes": [],
          "private": "eyJlMmJmYjczMC1lY2FhLTExZTYtOGY4OC0zNDM2M2JjN2M0YzAiOnsiY3JlYXRlIjoxODAwMDAwMDAwMDAwLCJkZWxldGUiOjE4MDAwMDAwMDAwMDAsInJlYWQiOjMwMDAwMDAwMDAwMCwidXBkYXRlIjoxODAwMDAwMDAwMDAwfX0=",
          "dependencies": [
            "azurerm_resource_group.rg"
          ]
        }
      ]
    },
    {
      "mode": "managed",
      "type": "azurerm_public_ip",
      "name": "master",
      "provider": "provider[\"registry.terraform.io/hashicorp/azurerm\"]",
      "instances": [
        {
          "index_key": 0,
          "schema_version": 0,
          "attributes": {
            "allocation_method": "Dynamic",
            "availability_zone": "No-Zone",
            "domain_name_label": null,
            "fqdn": null,
            "id": "/subscriptions/d6a369b0-725e-4b41-a88c-e2d87ebf9104/resourceGroups/k8s-rg/providers/Microsoft.Network/publicIPAddresses/master-IP-1",
            "idle_timeout_in_minutes": 4,
            "ip_address": "",
            "ip_tags": null,
            "ip_version": "IPv4",
            "location": "uksouth",
            "name": "master-IP-1",
            "public_ip_prefix_id": null,
            "resource_group_name": "k8s-rg",
            "reverse_fqdn": null,
            "sku": "Basic",
            "sku_tier": "Regional",
            "tags": null,
            "timeouts": null,
            "zones": []
          },
          "sensitive_attributes": [],
          "private": "eyJlMmJmYjczMC1lY2FhLTExZTYtOGY4OC0zNDM2M2JjN2M0YzAiOnsiY3JlYXRlIjoxODAwMDAwMDAwMDAwLCJkZWxldGUiOjE4MDAwMDAwMDAwMDAsInJlYWQiOjMwMDAwMDAwMDAwMCwidXBkYXRlIjoxODAwMDAwMDAwMDAwfX0=",
          "dependencies": [
            "azurerm_resource_group.rg"
          ]
        }
      ]
    },
    {
      "mode": "managed",
      "type": "azurerm_public_ip",
      "name": "worker",
      "provider": "provider[\"registry.terraform.io/hashicorp/azurerm\"]",
      "instances": [
        {
          "index_key": 0,
          "schema_version": 0,
          "attributes": {
            "allocation_method": "Dynamic",
            "availability_zone": "No-Zone",
            "domain_name_label": null,
            "fqdn": null,
            "id": "/subscriptions/d6a369b0-725e-4b41-a88c-e2d87ebf9104/resourceGroups/k8s-rg/providers/Microsoft.Network/publicIPAddresses/worker-IP-1",
            "idle_timeout_in_minutes": 4,
            "ip_address": "",
            "ip_tags": null,
            "ip_version": "IPv4",
            "location": "uksouth",
            "name": "worker-IP-1",
            "public_ip_prefix_id": null,
            "resource_group_name": "k8s-rg",
            "reverse_fqdn": null,
            "sku": "Basic",
            "sku_tier": "Regional",
            "tags": null,
            "timeouts": null,
            "zones": []
          },
          "sensitive_attributes": [],
          "private": "eyJlMmJmYjczMC1lY2FhLTExZTYtOGY4OC0zNDM2M2JjN2M0YzAiOnsiY3JlYXRlIjoxODAwMDAwMDAwMDAwLCJkZWxldGUiOjE4MDAwMDAwMDAwMDAsInJlYWQiOjMwMDAwMDAwMDAwMCwidXBkYXRlIjoxODAwMDAwMDAwMDAwfX0=",
          "dependencies": [
            "azurerm_resource_group.rg"
          ]
        },
        {
          "index_key": 1,
          "schema_version": 0,
          "attributes": {
            "allocation_method": "Dynamic",
            "availability_zone": "No-Zone",
            "domain_name_label": null,
            "fqdn": null,
            "id": "/subscriptions/d6a369b0-725e-4b41-a88c-e2d87ebf9104/resourceGroups/k8s-rg/providers/Microsoft.Network/publicIPAddresses/worker-IP-2",
            "idle_timeout_in_minutes": 4,
            "ip_address": "",
            "ip_tags": null,
            "ip_version": "IPv4",
            "location": "uksouth",
            "name": "worker-IP-2",
            "public_ip_prefix_id": null,
            "resource_group_name": "k8s-rg",
            "reverse_fqdn": null,
            "sku": "Basic",
            "sku_tier": "Regional",
            "tags": null,
            "timeouts": null,
            "zones": []
          },
          "sensitive_attributes": [],
          "private": "eyJlMmJmYjczMC1lY2FhLTExZTYtOGY4OC0zNDM2M2JjN2M0YzAiOnsiY3JlYXRlIjoxODAwMDAwMDAwMDAwLCJkZWxldGUiOjE4MDAwMDAwMDAwMDAsInJlYWQiOjMwMDAwMDAwMDAwMCwidXBkYXRlIjoxODAwMDAwMDAwMDAwfX0=",
          "dependencies": [
            "azurerm_resource_group.rg"
          ]
        }
      ]
    },
    {
      "mode": "managed",
      "type": "azurerm_resource_group",
      "name": "rg",
      "provider": "provider[\"registry.terraform.io/hashicorp/azurerm\"]",
      "instances": [
        {
          "schema_version": 0,
          "attributes": {
            "id": "/subscriptions/d6a369b0-725e-4b41-a88c-e2d87ebf9104/resourceGroups/k8s-rg",
            "location": "uksouth",
            "name": "k8s-rg",
            "tags": null,
            "timeouts": null
          },
          "sensitive_attributes": [],
          "private": "eyJlMmJmYjczMC1lY2FhLTExZTYtOGY4OC0zNDM2M2JjN2M0YzAiOnsiY3JlYXRlIjo1NDAwMDAwMDAwMDAwLCJkZWxldGUiOjU0MDAwMDAwMDAwMDAsInJlYWQiOjMwMDAwMDAwMDAwMCwidXBkYXRlIjo1NDAwMDAwMDAwMDAwfX0="
        }
      ]
    },
    {
      "mode": "managed",
      "type": "azurerm_subnet",
      "name": "subnet",
      "provider": "provider[\"registry.terraform.io/hashicorp/azurerm\"]",
      "instances": [
        {
          "schema_version": 0,
          "attributes": {
            "address_prefix": "10.0.1.0/24",
            "address_prefixes": [
              "10.0.1.0/24"
            ],
            "delegation": [],
            "enforce_private_link_endpoint_network_policies": false,
            "enforce_private_link_service_network_policies": false,
            "id": "/subscriptions/d6a369b0-725e-4b41-a88c-e2d87ebf9104/resourceGroups/k8s-rg/providers/Microsoft.Network/virtualNetworks/vnet/subnets/subnet",
            "name": "subnet",
            "resource_group_name": "k8s-rg",
            "service_endpoint_policy_ids": null,
            "service_endpoints": null,
            "timeouts": null,
            "virtual_network_name": "vnet"
          },
          "sensitive_attributes": [],
          "private": "eyJlMmJmYjczMC1lY2FhLTExZTYtOGY4OC0zNDM2M2JjN2M0YzAiOnsiY3JlYXRlIjoxODAwMDAwMDAwMDAwLCJkZWxldGUiOjE4MDAwMDAwMDAwMDAsInJlYWQiOjMwMDAwMDAwMDAwMCwidXBkYXRlIjoxODAwMDAwMDAwMDAwfX0=",
          "dependencies": [
            "azurerm_resource_group.rg",
            "azurerm_virtual_network.vnet"
          ]
        }
      ]
    },
    {
      "mode": "managed",
      "type": "azurerm_virtual_network",
      "name": "vnet",
      "provider": "provider[\"registry.terraform.io/hashicorp/azurerm\"]",
      "instances": [
        {
          "schema_version": 0,
          "attributes": {
            "address_space": [
              "10.0.0.0/16"
            ],
            "bgp_community": "",
            "ddos_protection_plan": [],
            "dns_servers": [],
            "guid": "2fc237ce-9875-4f58-8272-a2cf71c23660",
            "id": "/subscriptions/d6a369b0-725e-4b41-a88c-e2d87ebf9104/resourceGroups/k8s-rg/providers/Microsoft.Network/virtualNetworks/vnet",
            "location": "uksouth",
            "name": "vnet",
            "resource_group_name": "k8s-rg",
            "subnet": [],
            "tags": null,
            "timeouts": null,
            "vm_protection_enabled": false
          },
          "sensitive_attributes": [],
          "private": "eyJlMmJmYjczMC1lY2FhLTExZTYtOGY4OC0zNDM2M2JjN2M0YzAiOnsiY3JlYXRlIjoxODAwMDAwMDAwMDAwLCJkZWxldGUiOjE4MDAwMDAwMDAwMDAsInJlYWQiOjMwMDAwMDAwMDAwMCwidXBkYXRlIjoxODAwMDAwMDAwMDAwfX0=",
          "dependencies": [
            "azurerm_resource_group.rg"
          ]
        }
      ]
    },
    {
      "mode": "managed",
      "type": "local_file",
      "name": "ansible_inventory",
      "provider": "provider[\"registry.terraform.io/hashicorp/local\"]",
      "instances": [
        {
          "schema_version": 0,
          "attributes": {
            "content": "[master]\nmaster-1 ansible_host=20.58.53.229\n[workers]\nworker-1 ansible_host=20.58.53.228\nworker-2 ansible_host=20.58.51.71\n\n[all:vars]\nansible_user=azureuser\nansible_ssh_private_key_file='../key/terraform'\n",
            "content_base64": null,
            "directory_permission": "0777",
            "file_permission": "0777",
            "filename": "./ansible/hosts.ini",
            "id": "164a85512e0554ee8980446ee2286c9847201e0a",
            "sensitive_content": null,
            "source": null
          },
          "sensitive_attributes": [],
          "private": "bnVsbA==",
          "dependencies": [
            "azurerm_linux_virtual_machine.master",
            "azurerm_linux_virtual_machine.worker",
            "azurerm_network_interface.master",
            "azurerm_network_interface.worker",
            "azurerm_public_ip.master",
            "azurerm_public_ip.worker",
            "azurerm_resource_group.rg",
            "azurerm_subnet.subnet",
            "azurerm_virtual_network.vnet"
          ]
        }
      ]
    }
  ]
}
